// !$*UTF8*$!
{
	archiveVersion = 1;
	classes = {
	};
	objectVersion = 50;
	objects = {

/* Begin PBXBuildFile section */
		91AC6260255EB1DB00235C52 /* GLUT.framework in Frameworks */ = {isa = PBXBuildFile; fileRef = 91E598DA2542F4EE00529BF6 /* GLUT.framework */; };
		91AC6261255EB1E900235C52 /* OpenGL.framework in Frameworks */ = {isa = PBXBuildFile; fileRef = 91E598DC2542F4F400529BF6 /* OpenGL.framework */; };
		91C30198256DECFF001072DE /* torch_off.bmp in CopyFiles */ = {isa = PBXBuildFile; fileRef = 91C30196256DECE5001072DE /* torch_off.bmp */; };
		91C3019A256DED05001072DE /* torch.bmp in CopyFiles */ = {isa = PBXBuildFile; fileRef = 91C30197256DECE5001072DE /* torch.bmp */; };
		91C301A8256DF8AC001072DE /* sky.bmp in CopyFiles */ = {isa = PBXBuildFile; fileRef = 91C301A7256DF8A0001072DE /* sky.bmp */; };
		91C7C6A42557197D00414FD2 /* RgbImage.cpp in Sources */ = {isa = PBXBuildFile; fileRef = 91C7C6A32557197D00414FD2 /* RgbImage.cpp */; };
		91D167C3255F53380041D674 /* cobblestone.bmp in CopyFiles */ = {isa = PBXBuildFile; fileRef = 91C7C6A825571F7200414FD2 /* cobblestone.bmp */; };
		91D167C7255F533D0041D674 /* night.bmp in CopyFiles */ = {isa = PBXBuildFile; fileRef = 91C7C6AA25571F7200414FD2 /* night.bmp */; };
		91D167D72560CBDE0041D674 /* dark_oak.bmp in CopyFiles */ = {isa = PBXBuildFile; fileRef = 91D167D42560CB2E0041D674 /* dark_oak.bmp */; };
		91D167D92560CBE10041D674 /* stone.bmp in CopyFiles */ = {isa = PBXBuildFile; fileRef = 91D167D52560CB2E0041D674 /* stone.bmp */; };
		91D167DE2560D2250041D674 /* dark_oak_log.bmp in CopyFiles */ = {isa = PBXBuildFile; fileRef = 91D167DD2560D1A20041D674 /* dark_oak_log.bmp */; };
		91D167E12560D3200041D674 /* grass.bmp in CopyFiles */ = {isa = PBXBuildFile; fileRef = 91D167E02560D3180041D674 /* grass.bmp */; };
		91D167E42560E44D0041D674 /* terracotta.bmp in CopyFiles */ = {isa = PBXBuildFile; fileRef = 91D167E32560E4420041D674 /* terracotta.bmp */; };
		91D167EA2560E93F0041D674 /* door.bmp in CopyFiles */ = {isa = PBXBuildFile; fileRef = 91D167E62560E9320041D674 /* door.bmp */; };
		91D167EC2560E9430041D674 /* bricks.bmp in CopyFiles */ = {isa = PBXBuildFile; fileRef = 91D167E82560E9320041D674 /* bricks.bmp */; };
		91D167EE2560E9470041D674 /* slider.bmp in CopyFiles */ = {isa = PBXBuildFile; fileRef = 91D167E92560E9320041D674 /* slider.bmp */; };
		91D167F52560E9860041D674 /* glass.bmp in CopyFiles */ = {isa = PBXBuildFile; fileRef = 91D167F42560E97F0041D674 /* glass.bmp */; };
		91E598D22542F4E100529BF6 /* main.cpp in Sources */ = {isa = PBXBuildFile; fileRef = 91E598D12542F4E100529BF6 /* main.cpp */; };
/* End PBXBuildFile section */

/* Begin PBXCopyFilesBuildPhase section */
		91E598CC2542F4E100529BF6 /* CopyFiles */ = {
			isa = PBXCopyFilesBuildPhase;
			buildActionMask = 12;
			dstPath = "";
			dstSubfolderSpec = 7;
			files = (
				91C301A8256DF8AC001072DE /* sky.bmp in CopyFiles */,
				91C3019A256DED05001072DE /* torch.bmp in CopyFiles */,
				91C30198256DECFF001072DE /* torch_off.bmp in CopyFiles */,
				91D167F52560E9860041D674 /* glass.bmp in CopyFiles */,
				91D167EE2560E9470041D674 /* slider.bmp in CopyFiles */,
				91D167EC2560E9430041D674 /* bricks.bmp in CopyFiles */,
				91D167EA2560E93F0041D674 /* door.bmp in CopyFiles */,
				91D167E42560E44D0041D674 /* terracotta.bmp in CopyFiles */,
				91D167E12560D3200041D674 /* grass.bmp in CopyFiles */,
				91D167DE2560D2250041D674 /* dark_oak_log.bmp in CopyFiles */,
				91D167D92560CBE10041D674 /* stone.bmp in CopyFiles */,
				91D167D72560CBDE0041D674 /* dark_oak.bmp in CopyFiles */,
				91D167C7255F533D0041D674 /* night.bmp in CopyFiles */,
				91D167C3255F53380041D674 /* cobblestone.bmp in CopyFiles */,
			);
			runOnlyForDeploymentPostprocessing = 0;
		};
/* End PBXCopyFilesBuildPhase section */

/* Begin PBXFileReference section */
		91571C6D2555779300B257F9 /* floor.h */ = {isa = PBXFileReference; lastKnownFileType = sourcecode.c.h; path = floor.h; sourceTree = "<group>"; };
		9180148F256AF5B0009FC36A /* materials.h */ = {isa = PBXFileReference; lastKnownFileType = sourcecode.c.h; path = materials.h; sourceTree = "<group>"; };
		91801491256B445C009FC36A /* illumination.h */ = {isa = PBXFileReference; lastKnownFileType = sourcecode.c.h; path = illumination.h; sourceTree = "<group>"; };
		91A901B125487BD3007A154B /* door.h */ = {isa = PBXFileReference; lastKnownFileType = sourcecode.c.h; path = door.h; sourceTree = "<group>"; };
		91A901B225488DA0007A154B /* cube.h */ = {isa = PBXFileReference; lastKnownFileType = sourcecode.c.h; path = cube.h; sourceTree = "<group>"; };
		91A901B4254895F7007A154B /* colors.h */ = {isa = PBXFileReference; lastKnownFileType = sourcecode.c.h; path = colors.h; sourceTree = "<group>"; };
		91A901B82548D1C7007A154B /* events.h */ = {isa = PBXFileReference; lastKnownFileType = sourcecode.c.h; path = events.h; sourceTree = "<group>"; };
		91A901BA2548D31C007A154B /* text.h */ = {isa = PBXFileReference; lastKnownFileType = sourcecode.c.h; path = text.h; sourceTree = "<group>"; };
		91A901BB2548D346007A154B /* axis.h */ = {isa = PBXFileReference; lastKnownFileType = sourcecode.c.h; path = axis.h; sourceTree = "<group>"; };
		91A901BC2548D365007A154B /* observator.h */ = {isa = PBXFileReference; lastKnownFileType = sourcecode.c.h; path = observator.h; sourceTree = "<group>"; };
		91A901BE2548D984007A154B /* wall.h */ = {isa = PBXFileReference; lastKnownFileType = sourcecode.c.h; path = wall.h; sourceTree = "<group>"; };
		91C30196256DECE5001072DE /* torch_off.bmp */ = {isa = PBXFileReference; lastKnownFileType = image.bmp; path = torch_off.bmp; sourceTree = "<group>"; };
		91C30197256DECE5001072DE /* torch.bmp */ = {isa = PBXFileReference; lastKnownFileType = image.bmp; path = torch.bmp; sourceTree = "<group>"; };
		91C301A7256DF8A0001072DE /* sky.bmp */ = {isa = PBXFileReference; lastKnownFileType = image.bmp; path = sky.bmp; sourceTree = "<group>"; };
		91C301AA256DFD30001072DE /* torch.h */ = {isa = PBXFileReference; lastKnownFileType = sourcecode.c.h; path = torch.h; sourceTree = "<group>"; };
		91C301AC256DFE3B001072DE /* sky.h */ = {isa = PBXFileReference; lastKnownFileType = sourcecode.c.h; path = sky.h; sourceTree = "<group>"; };
		91C7C6A22557197D00414FD2 /* RgbImage.h */ = {isa = PBXFileReference; fileEncoding = 4; lastKnownFileType = sourcecode.c.h; path = RgbImage.h; sourceTree = "<group>"; };
		91C7C6A32557197D00414FD2 /* RgbImage.cpp */ = {isa = PBXFileReference; fileEncoding = 4; lastKnownFileType = sourcecode.cpp.cpp; path = RgbImage.cpp; sourceTree = "<group>"; };
		91C7C6A625571E0700414FD2 /* textures.h */ = {isa = PBXFileReference; lastKnownFileType = sourcecode.c.h; path = textures.h; sourceTree = "<group>"; };
		91C7C6A825571F7200414FD2 /* cobblestone.bmp */ = {isa = PBXFileReference; lastKnownFileType = image.bmp; path = cobblestone.bmp; sourceTree = "<group>"; };
		91C7C6AA25571F7200414FD2 /* night.bmp */ = {isa = PBXFileReference; lastKnownFileType = image.bmp; path = night.bmp; sourceTree = "<group>"; };
		91D167D42560CB2E0041D674 /* dark_oak.bmp */ = {isa = PBXFileReference; lastKnownFileType = image.bmp; path = dark_oak.bmp; sourceTree = "<group>"; };
		91D167D52560CB2E0041D674 /* stone.bmp */ = {isa = PBXFileReference; lastKnownFileType = image.bmp; path = stone.bmp; sourceTree = "<group>"; };
		91D167DD2560D1A20041D674 /* dark_oak_log.bmp */ = {isa = PBXFileReference; lastKnownFileType = image.bmp; path = dark_oak_log.bmp; sourceTree = "<group>"; };
		91D167E02560D3180041D674 /* grass.bmp */ = {isa = PBXFileReference; lastKnownFileType = image.bmp; path = grass.bmp; sourceTree = "<group>"; };
		91D167E32560E4420041D674 /* terracotta.bmp */ = {isa = PBXFileReference; lastKnownFileType = image.bmp; path = terracotta.bmp; sourceTree = "<group>"; };
		91D167E62560E9320041D674 /* door.bmp */ = {isa = PBXFileReference; lastKnownFileType = image.bmp; path = door.bmp; sourceTree = "<group>"; };
		91D167E82560E9320041D674 /* bricks.bmp */ = {isa = PBXFileReference; lastKnownFileType = image.bmp; path = bricks.bmp; sourceTree = "<group>"; };
		91D167E92560E9320041D674 /* slider.bmp */ = {isa = PBXFileReference; lastKnownFileType = image.bmp; path = slider.bmp; sourceTree = "<group>"; };
		91D167F42560E97F0041D674 /* glass.bmp */ = {isa = PBXFileReference; lastKnownFileType = image.bmp; path = glass.bmp; sourceTree = "<group>"; };
		91E598CE2542F4E100529BF6 /* CG_Projeto */ = {isa = PBXFileReference; explicitFileType = "compiled.mach-o.executable"; includeInIndex = 0; path = CG_Projeto; sourceTree = BUILT_PRODUCTS_DIR; };
		91E598D12542F4E100529BF6 /* main.cpp */ = {isa = PBXFileReference; lastKnownFileType = sourcecode.cpp.cpp; path = main.cpp; sourceTree = "<group>"; };
		91E598DA2542F4EE00529BF6 /* GLUT.framework */ = {isa = PBXFileReference; lastKnownFileType = wrapper.framework; name = GLUT.framework; path = System/Library/Frameworks/GLUT.framework; sourceTree = SDKROOT; };
		91E598DC2542F4F400529BF6 /* OpenGL.framework */ = {isa = PBXFileReference; lastKnownFileType = wrapper.framework; name = OpenGL.framework; path = System/Library/Frameworks/OpenGL.framework; sourceTree = SDKROOT; };
/* End PBXFileReference section */

/* Begin PBXFrameworksBuildPhase section */
		91E598CB2542F4E100529BF6 /* Frameworks */ = {
			isa = PBXFrameworksBuildPhase;
			buildActionMask = 2147483647;
			files = (
				91AC6260255EB1DB00235C52 /* GLUT.framework in Frameworks */,
				91AC6261255EB1E900235C52 /* OpenGL.framework in Frameworks */,
			);
			runOnlyForDeploymentPostprocessing = 0;
		};
/* End PBXFrameworksBuildPhase section */

/* Begin PBXGroup section */
		91C7C6A725571E9000414FD2 /* textures */ = {
			isa = PBXGroup;
			children = (
				91D167E82560E9320041D674 /* bricks.bmp */,
				91D167E62560E9320041D674 /* door.bmp */,
				91D167E92560E9320041D674 /* slider.bmp */,
				91D167E02560D3180041D674 /* grass.bmp */,
				91D167E32560E4420041D674 /* terracotta.bmp */,
				91C7C6A825571F7200414FD2 /* cobblestone.bmp */,
				91D167DD2560D1A20041D674 /* dark_oak_log.bmp */,
				91D167F42560E97F0041D674 /* glass.bmp */,
				91C301A7256DF8A0001072DE /* sky.bmp */,
				91C30196256DECE5001072DE /* torch_off.bmp */,
				91C30197256DECE5001072DE /* torch.bmp */,
				91C7C6AA25571F7200414FD2 /* night.bmp */,
				91D167D42560CB2E0041D674 /* dark_oak.bmp */,
				91D167D52560CB2E0041D674 /* stone.bmp */,
			);
			path = textures;
			sourceTree = "<group>";
		};
		91E598C52542F4E000529BF6 = {
			isa = PBXGroup;
			children = (
				91C7C6A725571E9000414FD2 /* textures */,
				91E598D02542F4E100529BF6 /* CG_Projeto */,
				91E598CF2542F4E100529BF6 /* Products */,
				91E598D92542F4EE00529BF6 /* Frameworks */,
			);
			sourceTree = "<group>";
		};
		91E598CF2542F4E100529BF6 /* Products */ = {
			isa = PBXGroup;
			children = (
				91E598CE2542F4E100529BF6 /* CG_Projeto */,
			);
			name = Products;
			sourceTree = "<group>";
		};
		91E598D02542F4E100529BF6 /* CG_Projeto */ = {
			isa = PBXGroup;
			children = (
				91C7C6A32557197D00414FD2 /* RgbImage.cpp */,
				91C7C6A22557197D00414FD2 /* RgbImage.h */,
				91E598D12542F4E100529BF6 /* main.cpp */,
				91A901BE2548D984007A154B /* wall.h */,
				91A901BC2548D365007A154B /* observator.h */,
				91A901B125487BD3007A154B /* door.h */,
				91571C6D2555779300B257F9 /* floor.h */,
				91A901B225488DA0007A154B /* cube.h */,
				91A901B4254895F7007A154B /* colors.h */,
				91A901B82548D1C7007A154B /* events.h */,
				91A901BA2548D31C007A154B /* text.h */,
				91A901BB2548D346007A154B /* axis.h */,
				91C7C6A625571E0700414FD2 /* textures.h */,
				9180148F256AF5B0009FC36A /* materials.h */,
				91801491256B445C009FC36A /* illumination.h */,
				91C301AA256DFD30001072DE /* torch.h */,
				91C301AC256DFE3B001072DE /* sky.h */,
			);
			path = CG_Projeto;
			sourceTree = "<group>";
		};
		91E598D92542F4EE00529BF6 /* Frameworks */ = {
			isa = PBXGroup;
			children = (
				91E598DC2542F4F400529BF6 /* OpenGL.framework */,
				91E598DA2542F4EE00529BF6 /* GLUT.framework */,
			);
			name = Frameworks;
			sourceTree = "<group>";
		};
/* End PBXGroup section */

/* Begin PBXNativeTarget section */
		91E598CD2542F4E100529BF6 /* CG_Projeto */ = {
			isa = PBXNativeTarget;
			buildConfigurationList = 91E598D52542F4E100529BF6 /* Build configuration list for PBXNativeTarget "CG_Projeto" */;
			buildPhases = (
				91E598CA2542F4E100529BF6 /* Sources */,
				91E598CB2542F4E100529BF6 /* Frameworks */,
				91E598CC2542F4E100529BF6 /* CopyFiles */,
			);
			buildRules = (
			);
			dependencies = (
			);
			name = CG_Projeto;
			productName = CG_Projeto;
			productReference = 91E598CE2542F4E100529BF6 /* CG_Projeto */;
			productType = "com.apple.product-type.tool";
		};
/* End PBXNativeTarget section */

/* Begin PBXProject section */
		91E598C62542F4E000529BF6 /* Project object */ = {
			isa = PBXProject;
			attributes = {
				LastUpgradeCheck = 1210;
				TargetAttributes = {
					91E598CD2542F4E100529BF6 = {
						CreatedOnToolsVersion = 12.0.1;
					};
				};
			};
			buildConfigurationList = 91E598C92542F4E000529BF6 /* Build configuration list for PBXProject "CG_Projeto" */;
			compatibilityVersion = "Xcode 9.3";
			developmentRegion = en;
			hasScannedForEncodings = 0;
			knownRegions = (
				en,
				Base,
			);
			mainGroup = 91E598C52542F4E000529BF6;
			productRefGroup = 91E598CF2542F4E100529BF6 /* Products */;
			projectDirPath = "";
			projectRoot = "";
			targets = (
				91E598CD2542F4E100529BF6 /* CG_Projeto */,
			);
		};
/* End PBXProject section */

/* Begin PBXSourcesBuildPhase section */
		91E598CA2542F4E100529BF6 /* Sources */ = {
			isa = PBXSourcesBuildPhase;
			buildActionMask = 2147483647;
			files = (
				91E598D22542F4E100529BF6 /* main.cpp in Sources */,
				91C7C6A42557197D00414FD2 /* RgbImage.cpp in Sources */,
			);
			runOnlyForDeploymentPostprocessing = 0;
		};
/* End PBXSourcesBuildPhase section */

/* Begin XCBuildConfiguration section */
		91E598D32542F4E100529BF6 /* Debug */ = {
			isa = XCBuildConfiguration;
			buildSettings = {
				ALWAYS_SEARCH_USER_PATHS = NO;
				CLANG_ANALYZER_NONNULL = YES;
				CLANG_ANALYZER_NUMBER_OBJECT_CONVERSION = YES_AGGRESSIVE;
				CLANG_CXX_LANGUAGE_STANDARD = "gnu++14";
				CLANG_CXX_LIBRARY = "libc++";
				CLANG_ENABLE_MODULES = YES;
				CLANG_ENABLE_OBJC_ARC = YES;
				CLANG_ENABLE_OBJC_WEAK = YES;
				CLANG_WARN_BLOCK_CAPTURE_AUTORELEASING = YES;
				CLANG_WARN_BOOL_CONVERSION = YES;
				CLANG_WARN_COMMA = YES;
				CLANG_WARN_CONSTANT_CONVERSION = YES;
				CLANG_WARN_DEPRECATED_OBJC_IMPLEMENTATIONS = YES;
				CLANG_WARN_DIRECT_OBJC_ISA_USAGE = YES_ERROR;
				CLANG_WARN_DOCUMENTATION_COMMENTS = YES;
				CLANG_WARN_EMPTY_BODY = YES;
				CLANG_WARN_ENUM_CONVERSION = YES;
				CLANG_WARN_INFINITE_RECURSION = YES;
				CLANG_WARN_INT_CONVERSION = YES;
				CLANG_WARN_NON_LITERAL_NULL_CONVERSION = YES;
				CLANG_WARN_OBJC_IMPLICIT_RETAIN_SELF = YES;
				CLANG_WARN_OBJC_LITERAL_CONVERSION = YES;
				CLANG_WARN_OBJC_ROOT_CLASS = YES_ERROR;
				CLANG_WARN_QUOTED_INCLUDE_IN_FRAMEWORK_HEADER = YES;
				CLANG_WARN_RANGE_LOOP_ANALYSIS = YES;
				CLANG_WARN_STRICT_PROTOTYPES = YES;
				CLANG_WARN_SUSPICIOUS_MOVE = YES;
				CLANG_WARN_UNGUARDED_AVAILABILITY = YES_AGGRESSIVE;
				CLANG_WARN_UNREACHABLE_CODE = YES;
				CLANG_WARN__DUPLICATE_METHOD_MATCH = YES;
				COPY_PHASE_STRIP = NO;
				DEBUG_INFORMATION_FORMAT = dwarf;
				ENABLE_STRICT_OBJC_MSGSEND = YES;
				ENABLE_TESTABILITY = YES;
				GCC_C_LANGUAGE_STANDARD = gnu11;
				GCC_DYNAMIC_NO_PIC = NO;
				GCC_NO_COMMON_BLOCKS = YES;
				GCC_OPTIMIZATION_LEVEL = 0;
				GCC_PREPROCESSOR_DEFINITIONS = (
					"DEBUG=1",
					"$(inherited)",
				);
				GCC_WARN_64_TO_32_BIT_CONVERSION = YES;
				GCC_WARN_ABOUT_RETURN_TYPE = YES_ERROR;
				GCC_WARN_UNDECLARED_SELECTOR = YES;
				GCC_WARN_UNINITIALIZED_AUTOS = YES_AGGRESSIVE;
				GCC_WARN_UNUSED_FUNCTION = YES;
				GCC_WARN_UNUSED_VARIABLE = YES;
				MACOSX_DEPLOYMENT_TARGET = 10.8;
				MTL_ENABLE_DEBUG_INFO = INCLUDE_SOURCE;
				MTL_FAST_MATH = YES;
				ONLY_ACTIVE_ARCH = YES;
				SDKROOT = macosx;
			};
			name = Debug;
		};
		91E598D42542F4E100529BF6 /* Release */ = {
			isa = XCBuildConfiguration;
			buildSettings = {
				ALWAYS_SEARCH_USER_PATHS = NO;
				CLANG_ANALYZER_NONNULL = YES;
				CLANG_ANALYZER_NUMBER_OBJECT_CONVERSION = YES_AGGRESSIVE;
				CLANG_CXX_LANGUAGE_STANDARD = "gnu++14";
				CLANG_CXX_LIBRARY = "libc++";
				CLANG_ENABLE_MODULES = YES;
				CLANG_ENABLE_OBJC_ARC = YES;
				CLANG_ENABLE_OBJC_WEAK = YES;
				CLANG_WARN_BLOCK_CAPTURE_AUTORELEASING = YES;
				CLANG_WARN_BOOL_CONVERSION = YES;
				CLANG_WARN_COMMA = YES;
				CLANG_WARN_CONSTANT_CONVERSION = YES;
				CLANG_WARN_DEPRECATED_OBJC_IMPLEMENTATIONS = YES;
				CLANG_WARN_DIRECT_OBJC_ISA_USAGE = YES_ERROR;
				CLANG_WARN_DOCUMENTATION_COMMENTS = YES;
				CLANG_WARN_EMPTY_BODY = YES;
				CLANG_WARN_ENUM_CONVERSION = YES;
				CLANG_WARN_INFINITE_RECURSION = YES;
				CLANG_WARN_INT_CONVERSION = YES;
				CLANG_WARN_NON_LITERAL_NULL_CONVERSION = YES;
				CLANG_WARN_OBJC_IMPLICIT_RETAIN_SELF = YES;
				CLANG_WARN_OBJC_LITERAL_CONVERSION = YES;
				CLANG_WARN_OBJC_ROOT_CLASS = YES_ERROR;
				CLANG_WARN_QUOTED_INCLUDE_IN_FRAMEWORK_HEADER = YES;
				CLANG_WARN_RANGE_LOOP_ANALYSIS = YES;
				CLANG_WARN_STRICT_PROTOTYPES = YES;
				CLANG_WARN_SUSPICIOUS_MOVE = YES;
				CLANG_WARN_UNGUARDED_AVAILABILITY = YES_AGGRESSIVE;
				CLANG_WARN_UNREACHABLE_CODE = YES;
				CLANG_WARN__DUPLICATE_METHOD_MATCH = YES;
				COPY_PHASE_STRIP = NO;
				DEBUG_INFORMATION_FORMAT = "dwarf-with-dsym";
				ENABLE_NS_ASSERTIONS = NO;
				ENABLE_STRICT_OBJC_MSGSEND = YES;
				GCC_C_LANGUAGE_STANDARD = gnu11;
				GCC_NO_COMMON_BLOCKS = YES;
				GCC_WARN_64_TO_32_BIT_CONVERSION = YES;
				GCC_WARN_ABOUT_RETURN_TYPE = YES_ERROR;
				GCC_WARN_UNDECLARED_SELECTOR = YES;
				GCC_WARN_UNINITIALIZED_AUTOS = YES_AGGRESSIVE;
				GCC_WARN_UNUSED_FUNCTION = YES;
				GCC_WARN_UNUSED_VARIABLE = YES;
				MACOSX_DEPLOYMENT_TARGET = 10.8;
				MTL_ENABLE_DEBUG_INFO = NO;
				MTL_FAST_MATH = YES;
				SDKROOT = macosx;
			};
			name = Release;
		};
		91E598D62542F4E100529BF6 /* Debug */ = {
			isa = XCBuildConfiguration;
			buildSettings = {
				CODE_SIGN_IDENTITY = "-";
				CODE_SIGN_STYLE = Automatic;
				DEVELOPMENT_ASSET_PATHS = "";
				DEVELOPMENT_TEAM = 8GMP7BXV45;
				ENABLE_HARDENED_RUNTIME = YES;
				INSTALL_PATH = "";
				MACOSX_DEPLOYMENT_TARGET = 11.0;
				PRODUCT_NAME = "$(TARGET_NAME)";
				STRIP_INSTALLED_PRODUCT = NO;
			};
			name = Debug;
		};
		91E598D72542F4E100529BF6 /* Release */ = {
			isa = XCBuildConfiguration;
			buildSettings = {
				CODE_SIGN_IDENTITY = "-";
				CODE_SIGN_STYLE = Automatic;
				DEVELOPMENT_ASSET_PATHS = "";
				DEVELOPMENT_TEAM = 8GMP7BXV45;
				ENABLE_HARDENED_RUNTIME = YES;
				INSTALL_PATH = "";
				MACOSX_DEPLOYMENT_TARGET = 11.0;
				PRODUCT_NAME = "$(TARGET_NAME)";
				STRIP_INSTALLED_PRODUCT = NO;
			};
			name = Release;
		};
/* End XCBuildConfiguration section */

/* Begin XCConfigurationList section */
		91E598C92542F4E000529BF6 /* Build configuration list for PBXProject "CG_Projeto" */ = {
			isa = XCConfigurationList;
			buildConfigurations = (
				91E598D32542F4E100529BF6 /* Debug */,
				91E598D42542F4E100529BF6 /* Release */,
			);
			defaultConfigurationIsVisible = 0;
			defaultConfigurationName = Release;
		};
		91E598D52542F4E100529BF6 /* Build configuration list for PBXNativeTarget "CG_Projeto" */ = {
			isa = XCConfigurationList;
			buildConfigurations = (
				91E598D62542F4E100529BF6 /* Debug */,
				91E598D72542F4E100529BF6 /* Release */,
			);
			defaultConfigurationIsVisible = 0;
			defaultConfigurationName = Release;
		};
/* End XCConfigurationList section */
	};
	rootObject = 91E598C62542F4E000529BF6 /* Project object */;
}
